lockfileVersion: '9.0'

settings:
  autoInstallPeers: true
  excludeLinksFromLockfile: false

importers:

  .:
    devDependencies:
      '@axe-core/playwright':
        specifier: ^4.10.1
        version: 4.10.1(playwright-core@1.50.0)
      '@playwright/test':
        specifier: ^1.49.1
        version: 1.50.0

packages:

  '@axe-core/playwright@4.10.1':
    resolution: {integrity: sha512-EV5t39VV68kuAfMKqb/RL+YjYKhfuGim9rgIaQ6Vntb2HgaCaau0h98Y3WEUqW1+PbdzxDtDNjFAipbtZuBmEA==}
    peerDependencies:
      playwright-core: '>= 1.0.0'

  '@playwright/test@1.50.0':
    resolution: {integrity: sha512-ZGNXbt+d65EGjBORQHuYKj+XhCewlwpnSd/EDuLPZGSiEWmgOJB5RmMCCYGy5aMfTs9wx61RivfDKi8H/hcMvw==}
    engines: {node: '>=18'}
    hasBin: true

  axe-core@4.10.2:
    resolution: {integrity: sha512-RE3mdQ7P3FRSe7eqCWoeQ/Z9QXrtniSjp1wUjt5nRC3WIpz5rSCve6o3fsZ2aCpJtrZjSZgjwXAoTO5k4tEI0w==}
    engines: {node: '>=4'}

  fsevents@2.3.2:
    resolution: {integrity: sha512-xiqMQR4xAeHTuB9uWm+fFRcIOgKBMiOBP+eXiyT7jsgVCq1bkVygt00oASowB7EdtpOHaaPgKt812P9ab+DDKA==}
    engines: {node: ^8.16.0 || ^10.6.0 || >=11.0.0}
    os: [darwin]

  playwright-core@1.50.0:
    resolution: {integrity: sha512-CXkSSlr4JaZs2tZHI40DsZUN/NIwgaUPsyLuOAaIZp2CyF2sN5MM5NJsyB188lFSSozFxQ5fPT4qM+f0tH/6wQ==}
    engines: {node: '>=18'}
    hasBin: true

  playwright@1.50.0:
    resolution: {integrity: sha512-+GinGfGTrd2IfX1TA4N2gNmeIksSb+IAe589ZH+FlmpV3MYTx6+buChGIuDLQwrGNCw2lWibqV50fU510N7S+w==}
    engines: {node: '>=18'}
    hasBin: true

snapshots:

  '@axe-core/playwright@4.10.1(playwright-core@1.50.0)':
    dependencies:
      axe-core: 4.10.2
      playwright-core: 1.50.0

  '@playwright/test@1.50.0':
    dependencies:
      playwright: 1.50.0

  axe-core@4.10.2: {}

  fsevents@2.3.2:
    optional: true

  playwright-core@1.50.0: {}

  playwright@1.50.0:
    dependencies:
      playwright-core: 1.50.0
    optionalDependencies:
      fsevents: 2.3.2
