lockfileVersion: '6.0'

settings:
  autoInstallPeers: true
  excludeLinksFromLockfile: false

devDependencies:
  '@axe-core/playwright':
    specifier: ^4.7.3
    version: 4.7.3(playwright-core@1.37.1)
  '@playwright/test':
    specifier: ^1.36.1
    version: 1.37.1

packages:

  /@axe-core/playwright@4.7.3(playwright-core@1.37.1):
    resolution: {integrity: sha512-v2PRgAyGvop7bamrTpNJtc5b1R7giAPnMzZXrS/VDZBCY5+uwVYtCNgDvBsqp5P1QMZxUMoBN+CERJUTMjFN0A==}
    peerDependencies:
      playwright-core: '>= 1.0.0'
    dependencies:
      axe-core: 4.7.2
      playwright-core: 1.37.1
    dev: true

  /@playwright/test@1.37.1:
    resolution: {integrity: sha512-bq9zTli3vWJo8S3LwB91U0qDNQDpEXnw7knhxLM0nwDvexQAwx9tO8iKDZSqqneVq+URd/WIoz+BALMqUTgdSg==}
    engines: {node: '>=16'}
    hasBin: true
    dependencies:
      '@types/node': 20.2.5
      playwright-core: 1.37.1
    optionalDependencies:
      fsevents: 2.3.2
    dev: true

  /@types/node@20.2.5:
    resolution: {integrity: sha512-JJulVEQXmiY9Px5axXHeYGLSjhkZEnD+MDPDGbCbIAbMslkKwmygtZFy1X6s/075Yo94sf8GuSlFfPzysQrWZQ==}
    dev: true

  /axe-core@4.7.2:
    resolution: {integrity: sha512-zIURGIS1E1Q4pcrMjp+nnEh+16G56eG/MUllJH8yEvw7asDo7Ac9uhC9KIH5jzpITueEZolfYglnCGIuSBz39g==}
    engines: {node: '>=4'}
    dev: true

  /fsevents@2.3.2:
    resolution: {integrity: sha512-xiqMQR4xAeHTuB9uWm+fFRcIOgKBMiOBP+eXiyT7jsgVCq1bkVygt00oASowB7EdtpOHaaPgKt812P9ab+DDKA==}
    engines: {node: ^8.16.0 || ^10.6.0 || >=11.0.0}
    os: [darwin]
    requiresBuild: true
    dev: true
    optional: true

  /playwright-core@1.37.1:
    resolution: {integrity: sha512-17EuQxlSIYCmEMwzMqusJ2ztDgJePjrbttaefgdsiqeLWidjYz9BxXaTaZWxH1J95SHGk6tjE+dwgWILJoUZfA==}
    engines: {node: '>=16'}
    hasBin: true
    dev: true
