lockfileVersion: '6.0'

settings:
  autoInstallPeers: true
  excludeLinksFromLockfile: false

devDependencies:
  '@axe-core/playwright':
    specifier: ^4.7.3
    version: 4.7.3(playwright-core@1.38.0)
  '@playwright/test':
    specifier: ^1.36.1
    version: 1.38.0

packages:

  /@axe-core/playwright@4.7.3(playwright-core@1.38.0):
    resolution: {integrity: sha512-v2PRgAyGvop7bamrTpNJtc5b1R7giAPnMzZXrS/VDZBCY5+uwVYtCNgDvBsqp5P1QMZxUMoBN+CERJUTMjFN0A==}
    peerDependencies:
      playwright-core: '>= 1.0.0'
    dependencies:
      axe-core: 4.7.2
      playwright-core: 1.38.0
    dev: true

  /@playwright/test@1.38.0:
    resolution: {integrity: sha512-xis/RXXsLxwThKnlIXouxmIvvT3zvQj1JE39GsNieMUrMpb3/GySHDh2j8itCG22qKVD4MYLBp7xB73cUW/UUw==}
    engines: {node: '>=16'}
    hasBin: true
    dependencies:
      playwright: 1.38.0
    dev: true

  /axe-core@4.7.2:
    resolution: {integrity: sha512-zIURGIS1E1Q4pcrMjp+nnEh+16G56eG/MUllJH8yEvw7asDo7Ac9uhC9KIH5jzpITueEZolfYglnCGIuSBz39g==}
    engines: {node: '>=4'}
    dev: true

  /fsevents@2.3.2:
    resolution: {integrity: sha512-xiqMQR4xAeHTuB9uWm+fFRcIOgKBMiOBP+eXiyT7jsgVCq1bkVygt00oASowB7EdtpOHaaPgKt812P9ab+DDKA==}
    engines: {node: ^8.16.0 || ^10.6.0 || >=11.0.0}
    os: [darwin]
    requiresBuild: true
    dev: true
    optional: true

  /playwright-core@1.38.0:
    resolution: {integrity: sha512-f8z1y8J9zvmHoEhKgspmCvOExF2XdcxMW8jNRuX4vkQFrzV4MlZ55iwb5QeyiFQgOFCUolXiRHgpjSEnqvO48g==}
    engines: {node: '>=16'}
    hasBin: true
    dev: true

  /playwright@1.38.0:
    resolution: {integrity: sha512-fJGw+HO0YY+fU/F1N57DMO+TmXHTrmr905J05zwAQE9xkuwP/QLDk63rVhmyxh03dYnEhnRbsdbH9B0UVVRB3A==}
    engines: {node: '>=16'}
    hasBin: true
    dependencies:
      playwright-core: 1.38.0
    optionalDependencies:
      fsevents: 2.3.2
    dev: true
